// !$*UTF8*$!
{
	archiveVersion = 1;
	classes = {
	};
	objectVersion = 50;
	objects = {

/* Begin PBXBuildFile section */
		2926FA1522E6E94600BE986C /* ArrAndDicObject.swift in Sources */ = {isa = PBXBuildFile; fileRef = 2926FA1422E6E94600BE986C /* ArrAndDicObject.swift */; };
		2926FA1822E6EAAC00BE986C /* ControlFlowObject.swift in Sources */ = {isa = PBXBuildFile; fileRef = 2926FA1722E6EAAC00BE986C /* ControlFlowObject.swift */; };
		2926FA2022E7013900BE986C /* FuncAndClosuresObject.swift in Sources */ = {isa = PBXBuildFile; fileRef = 2926FA1F22E7013900BE986C /* FuncAndClosuresObject.swift */; };
		2926FA2322E7194400BE986C /* ObjectAndClass.swift in Sources */ = {isa = PBXBuildFile; fileRef = 2926FA2222E7194400BE986C /* ObjectAndClass.swift */; };
		294FD15722E2B17500F1B558 /* AppDelegate.swift in Sources */ = {isa = PBXBuildFile; fileRef = 294FD15622E2B17500F1B558 /* AppDelegate.swift */; };
		294FD15922E2B17500F1B558 /* ViewController.swift in Sources */ = {isa = PBXBuildFile; fileRef = 294FD15822E2B17500F1B558 /* ViewController.swift */; };
		294FD15C22E2B17500F1B558 /* Main.storyboard in Resources */ = {isa = PBXBuildFile; fileRef = 294FD15A22E2B17500F1B558 /* Main.storyboard */; };
		294FD15E22E2B17600F1B558 /* Assets.xcassets in Resources */ = {isa = PBXBuildFile; fileRef = 294FD15D22E2B17600F1B558 /* Assets.xcassets */; };
		294FD16122E2B17600F1B558 /* LaunchScreen.storyboard in Resources */ = {isa = PBXBuildFile; fileRef = 294FD15F22E2B17600F1B558 /* LaunchScreen.storyboard */; };
		294FD16C22E2B17600F1B558 /* SwiftDemoTests.swift in Sources */ = {isa = PBXBuildFile; fileRef = 294FD16B22E2B17600F1B558 /* SwiftDemoTests.swift */; };
		294FD17722E2B17600F1B558 /* SwiftDemoUITests.swift in Sources */ = {isa = PBXBuildFile; fileRef = 294FD17622E2B17600F1B558 /* SwiftDemoUITests.swift */; };
		294FD18722E2B52600F1B558 /* VariableObject.swift in Sources */ = {isa = PBXBuildFile; fileRef = 294FD18622E2B52600F1B558 /* VariableObject.swift */; };
		294FD18922E2B7AC00F1B558 /* TestClass.swift in Sources */ = {isa = PBXBuildFile; fileRef = 294FD18822E2B7AC00F1B558 /* TestClass.swift */; };
/* End PBXBuildFile section */

/* Begin PBXContainerItemProxy section */
		294FD16822E2B17600F1B558 /* PBXContainerItemProxy */ = {
			isa = PBXContainerItemProxy;
			containerPortal = 294FD14B22E2B17500F1B558 /* Project object */;
			proxyType = 1;
			remoteGlobalIDString = 294FD15222E2B17500F1B558;
			remoteInfo = SwiftDemo;
		};
		294FD17322E2B17600F1B558 /* PBXContainerItemProxy */ = {
			isa = PBXContainerItemProxy;
			containerPortal = 294FD14B22E2B17500F1B558 /* Project object */;
			proxyType = 1;
			remoteGlobalIDString = 294FD15222E2B17500F1B558;
			remoteInfo = SwiftDemo;
		};
/* End PBXContainerItemProxy section */

/* Begin PBXFileReference section */
		2926FA1422E6E94600BE986C /* ArrAndDicObject.swift */ = {isa = PBXFileReference; lastKnownFileType = sourcecode.swift; path = ArrAndDicObject.swift; sourceTree = "<group>"; };
		2926FA1722E6EAAC00BE986C /* ControlFlowObject.swift */ = {isa = PBXFileReference; lastKnownFileType = sourcecode.swift; path = ControlFlowObject.swift; sourceTree = "<group>"; };
		2926FA1F22E7013900BE986C /* FuncAndClosuresObject.swift */ = {isa = PBXFileReference; lastKnownFileType = sourcecode.swift; path = FuncAndClosuresObject.swift; sourceTree = "<group>"; };
		2926FA2222E7194400BE986C /* ObjectAndClass.swift */ = {isa = PBXFileReference; lastKnownFileType = sourcecode.swift; path = ObjectAndClass.swift; sourceTree = "<group>"; };
		294FD15322E2B17500F1B558 /* SwiftDemo.app */ = {isa = PBXFileReference; explicitFileType = wrapper.application; includeInIndex = 0; path = SwiftDemo.app; sourceTree = BUILT_PRODUCTS_DIR; };
		294FD15622E2B17500F1B558 /* AppDelegate.swift */ = {isa = PBXFileReference; lastKnownFileType = sourcecode.swift; path = AppDelegate.swift; sourceTree = "<group>"; };
		294FD15822E2B17500F1B558 /* ViewController.swift */ = {isa = PBXFileReference; lastKnownFileType = sourcecode.swift; path = ViewController.swift; sourceTree = "<group>"; };
		294FD15B22E2B17500F1B558 /* Base */ = {isa = PBXFileReference; lastKnownFileType = file.storyboard; name = Base; path = Base.lproj/Main.storyboard; sourceTree = "<group>"; };
		294FD15D22E2B17600F1B558 /* Assets.xcassets */ = {isa = PBXFileReference; lastKnownFileType = folder.assetcatalog; path = Assets.xcassets; sourceTree = "<group>"; };
		294FD16022E2B17600F1B558 /* Base */ = {isa = PBXFileReference; lastKnownFileType = file.storyboard; name = Base; path = Base.lproj/LaunchScreen.storyboard; sourceTree = "<group>"; };
		294FD16222E2B17600F1B558 /* Info.plist */ = {isa = PBXFileReference; lastKnownFileType = text.plist.xml; path = Info.plist; sourceTree = "<group>"; };
		294FD16722E2B17600F1B558 /* SwiftDemoTests.xctest */ = {isa = PBXFileReference; explicitFileType = wrapper.cfbundle; includeInIndex = 0; path = SwiftDemoTests.xctest; sourceTree = BUILT_PRODUCTS_DIR; };
		294FD16B22E2B17600F1B558 /* SwiftDemoTests.swift */ = {isa = PBXFileReference; lastKnownFileType = sourcecode.swift; path = SwiftDemoTests.swift; sourceTree = "<group>"; };
		294FD16D22E2B17600F1B558 /* Info.plist */ = {isa = PBXFileReference; lastKnownFileType = text.plist.xml; path = Info.plist; sourceTree = "<group>"; };
		294FD17222E2B17600F1B558 /* SwiftDemoUITests.xctest */ = {isa = PBXFileReference; explicitFileType = wrapper.cfbundle; includeInIndex = 0; path = SwiftDemoUITests.xctest; sourceTree = BUILT_PRODUCTS_DIR; };
		294FD17622E2B17600F1B558 /* SwiftDemoUITests.swift */ = {isa = PBXFileReference; lastKnownFileType = sourcecode.swift; path = SwiftDemoUITests.swift; sourceTree = "<group>"; };
		294FD17822E2B17600F1B558 /* Info.plist */ = {isa = PBXFileReference; lastKnownFileType = text.plist.xml; path = Info.plist; sourceTree = "<group>"; };
		294FD18622E2B52600F1B558 /* VariableObject.swift */ = {isa = PBXFileReference; lastKnownFileType = sourcecode.swift; path = VariableObject.swift; sourceTree = "<group>"; };
		294FD18822E2B7AC00F1B558 /* TestClass.swift */ = {isa = PBXFileReference; lastKnownFileType = sourcecode.swift; path = TestClass.swift; sourceTree = "<group>"; };
/* End PBXFileReference section */

/* Begin PBXFrameworksBuildPhase section */
		294FD15022E2B17500F1B558 /* Frameworks */ = {
			isa = PBXFrameworksBuildPhase;
			buildActionMask = 2147483647;
			files = (
			);
			runOnlyForDeploymentPostprocessing = 0;
		};
		294FD16422E2B17600F1B558 /* Frameworks */ = {
			isa = PBXFrameworksBuildPhase;
			buildActionMask = 2147483647;
			files = (
			);
			runOnlyForDeploymentPostprocessing = 0;
		};
		294FD16F22E2B17600F1B558 /* Frameworks */ = {
			isa = PBXFrameworksBuildPhase;
			buildActionMask = 2147483647;
			files = (
			);
			runOnlyForDeploymentPostprocessing = 0;
		};
/* End PBXFrameworksBuildPhase section */

/* Begin PBXGroup section */
		2926FA1622E6EA3100BE986C /* 控制流if,switch,for,while */ = {
			isa = PBXGroup;
			children = (
				2926FA1722E6EAAC00BE986C /* ControlFlowObject.swift */,
			);
			path = "控制流if,switch,for,while";
			sourceTree = "<group>";
		};
		2926FA1E22E700F700BE986C /* 方法和闭包 */ = {
			isa = PBXGroup;
			children = (
				2926FA1F22E7013900BE986C /* FuncAndClosuresObject.swift */,
			);
			path = "方法和闭包";
			sourceTree = "<group>";
		};
		2926FA2122E7192300BE986C /* 对象和类 */ = {
			isa = PBXGroup;
			children = (
				2926FA2222E7194400BE986C /* ObjectAndClass.swift */,
			);
			path = "对象和类";
			sourceTree = "<group>";
		};
		294FD14A22E2B17500F1B558 = {
			isa = PBXGroup;
			children = (
				294FD15522E2B17500F1B558 /* SwiftDemo */,
				294FD16A22E2B17600F1B558 /* SwiftDemoTests */,
				294FD17522E2B17600F1B558 /* SwiftDemoUITests */,
				294FD15422E2B17500F1B558 /* Products */,
			);
			sourceTree = "<group>";
		};
		294FD15422E2B17500F1B558 /* Products */ = {
			isa = PBXGroup;
			children = (
				294FD15322E2B17500F1B558 /* SwiftDemo.app */,
				294FD16722E2B17600F1B558 /* SwiftDemoTests.xctest */,
				294FD17222E2B17600F1B558 /* SwiftDemoUITests.xctest */,
			);
			name = Products;
			sourceTree = "<group>";
		};
		294FD15522E2B17500F1B558 /* SwiftDemo */ = {
			isa = PBXGroup;
			children = (
				294FD18422E2B36100F1B558 /* 基础语法 */,
				294FD15622E2B17500F1B558 /* AppDelegate.swift */,
				294FD15822E2B17500F1B558 /* ViewController.swift */,
				294FD15A22E2B17500F1B558 /* Main.storyboard */,
				294FD18822E2B7AC00F1B558 /* TestClass.swift */,
				294FD15D22E2B17600F1B558 /* Assets.xcassets */,
				294FD15F22E2B17600F1B558 /* LaunchScreen.storyboard */,
				294FD16222E2B17600F1B558 /* Info.plist */,
			);
			path = SwiftDemo;
			sourceTree = "<group>";
		};
		294FD16A22E2B17600F1B558 /* SwiftDemoTests */ = {
			isa = PBXGroup;
			children = (
				294FD16B22E2B17600F1B558 /* SwiftDemoTests.swift */,
				294FD16D22E2B17600F1B558 /* Info.plist */,
			);
			path = SwiftDemoTests;
			sourceTree = "<group>";
		};
		294FD17522E2B17600F1B558 /* SwiftDemoUITests */ = {
			isa = PBXGroup;
			children = (
				294FD17622E2B17600F1B558 /* SwiftDemoUITests.swift */,
				294FD17822E2B17600F1B558 /* Info.plist */,
			);
			path = SwiftDemoUITests;
			sourceTree = "<group>";
		};
		294FD18422E2B36100F1B558 /* 基础语法 */ = {
			isa = PBXGroup;
			children = (
				294FD18522E2B43600F1B558 /* 数据类型 */,
				2926FA1622E6EA3100BE986C /* 控制流if,switch,for,while */,
				2926FA1E22E700F700BE986C /* 方法和闭包 */,
				2926FA2122E7192300BE986C /* 对象和类 */,
			);
			path = "基础语法";
			sourceTree = "<group>";
		};
		294FD18522E2B43600F1B558 /* 数据类型 */ = {
			isa = PBXGroup;
			children = (
				294FD18622E2B52600F1B558 /* VariableObject.swift */,
				2926FA1422E6E94600BE986C /* ArrAndDicObject.swift */,
			);
			path = "数据类型";
			sourceTree = "<group>";
		};
/* End PBXGroup section */

/* Begin PBXNativeTarget section */
		294FD15222E2B17500F1B558 /* SwiftDemo */ = {
			isa = PBXNativeTarget;
			buildConfigurationList = 294FD17B22E2B17600F1B558 /* Build configuration list for PBXNativeTarget "SwiftDemo" */;
			buildPhases = (
				294FD14F22E2B17500F1B558 /* Sources */,
				294FD15022E2B17500F1B558 /* Frameworks */,
				294FD15122E2B17500F1B558 /* Resources */,
			);
			buildRules = (
			);
			dependencies = (
			);
			name = SwiftDemo;
			productName = SwiftDemo;
			productReference = 294FD15322E2B17500F1B558 /* SwiftDemo.app */;
			productType = "com.apple.product-type.application";
		};
		294FD16622E2B17600F1B558 /* SwiftDemoTests */ = {
			isa = PBXNativeTarget;
			buildConfigurationList = 294FD17E22E2B17600F1B558 /* Build configuration list for PBXNativeTarget "SwiftDemoTests" */;
			buildPhases = (
				294FD16322E2B17600F1B558 /* Sources */,
				294FD16422E2B17600F1B558 /* Frameworks */,
				294FD16522E2B17600F1B558 /* Resources */,
			);
			buildRules = (
			);
			dependencies = (
				294FD16922E2B17600F1B558 /* PBXTargetDependency */,
			);
			name = SwiftDemoTests;
			productName = SwiftDemoTests;
			productReference = 294FD16722E2B17600F1B558 /* SwiftDemoTests.xctest */;
			productType = "com.apple.product-type.bundle.unit-test";
		};
		294FD17122E2B17600F1B558 /* SwiftDemoUITests */ = {
			isa = PBXNativeTarget;
			buildConfigurationList = 294FD18122E2B17600F1B558 /* Build configuration list for PBXNativeTarget "SwiftDemoUITests" */;
			buildPhases = (
				294FD16E22E2B17600F1B558 /* Sources */,
				294FD16F22E2B17600F1B558 /* Frameworks */,
				294FD17022E2B17600F1B558 /* Resources */,
			);
			buildRules = (
			);
			dependencies = (
				294FD17422E2B17600F1B558 /* PBXTargetDependency */,
			);
			name = SwiftDemoUITests;
			productName = SwiftDemoUITests;
			productReference = 294FD17222E2B17600F1B558 /* SwiftDemoUITests.xctest */;
			productType = "com.apple.product-type.bundle.ui-testing";
		};
/* End PBXNativeTarget section */

/* Begin PBXProject section */
		294FD14B22E2B17500F1B558 /* Project object */ = {
			isa = PBXProject;
			attributes = {
				LastSwiftUpdateCheck = 1020;
				LastUpgradeCheck = 1020;
				ORGANIZATIONNAME = WZH;
				TargetAttributes = {
					294FD15222E2B17500F1B558 = {
						CreatedOnToolsVersion = 10.2.1;
					};
					294FD16622E2B17600F1B558 = {
						CreatedOnToolsVersion = 10.2.1;
						TestTargetID = 294FD15222E2B17500F1B558;
					};
					294FD17122E2B17600F1B558 = {
						CreatedOnToolsVersion = 10.2.1;
						TestTargetID = 294FD15222E2B17500F1B558;
					};
				};
			};
			buildConfigurationList = 294FD14E22E2B17500F1B558 /* Build configuration list for PBXProject "SwiftDemo" */;
			compatibilityVersion = "Xcode 9.3";
			developmentRegion = en;
			hasScannedForEncodings = 0;
			knownRegions = (
				en,
				Base,
			);
			mainGroup = 294FD14A22E2B17500F1B558;
			productRefGroup = 294FD15422E2B17500F1B558 /* Products */;
			projectDirPath = "";
			projectRoot = "";
			targets = (
				294FD15222E2B17500F1B558 /* SwiftDemo */,
				294FD16622E2B17600F1B558 /* SwiftDemoTests */,
				294FD17122E2B17600F1B558 /* SwiftDemoUITests */,
			);
		};
/* End PBXProject section */

/* Begin PBXResourcesBuildPhase section */
		294FD15122E2B17500F1B558 /* Resources */ = {
			isa = PBXResourcesBuildPhase;
			buildActionMask = 2147483647;
			files = (
				294FD16122E2B17600F1B558 /* LaunchScreen.storyboard in Resources */,
				294FD15E22E2B17600F1B558 /* Assets.xcassets in Resources */,
				294FD15C22E2B17500F1B558 /* Main.storyboard in Resources */,
			);
			runOnlyForDeploymentPostprocessing = 0;
		};
		294FD16522E2B17600F1B558 /* Resources */ = {
			isa = PBXResourcesBuildPhase;
			buildActionMask = 2147483647;
			files = (
			);
			runOnlyForDeploymentPostprocessing = 0;
		};
		294FD17022E2B17600F1B558 /* Resources */ = {
			isa = PBXResourcesBuildPhase;
			buildActionMask = 2147483647;
			files = (
			);
			runOnlyForDeploymentPostprocessing = 0;
		};
/* End PBXResourcesBuildPhase section */

/* Begin PBXSourcesBuildPhase section */
		294FD14F22E2B17500F1B558 /* Sources */ = {
			isa = PBXSourcesBuildPhase;
			buildActionMask = 2147483647;
			files = (
				294FD18922E2B7AC00F1B558 /* TestClass.swift in Sources */,
				294FD15922E2B17500F1B558 /* ViewController.swift in Sources */,
				2926FA1822E6EAAC00BE986C /* ControlFlowObject.swift in Sources */,
				294FD15722E2B17500F1B558 /* AppDelegate.swift in Sources */,
				2926FA1522E6E94600BE986C /* ArrAndDicObject.swift in Sources */,
				294FD18722E2B52600F1B558 /* VariableObject.swift in Sources */,
				2926FA2022E7013900BE986C /* FuncAndClosuresObject.swift in Sources */,
				2926FA2322E7194400BE986C /* ObjectAndClass.swift in Sources */,
			);
			runOnlyForDeploymentPostprocessing = 0;
		};
		294FD16322E2B17600F1B558 /* Sources */ = {
			isa = PBXSourcesBuildPhase;
			buildActionMask = 2147483647;
			files = (
				294FD16C22E2B17600F1B558 /* SwiftDemoTests.swift in Sources */,
			);
			runOnlyForDeploymentPostprocessing = 0;
		};
		294FD16E22E2B17600F1B558 /* Sources */ = {
			isa = PBXSourcesBuildPhase;
			buildActionMask = 2147483647;
			files = (
				294FD17722E2B17600F1B558 /* SwiftDemoUITests.swift in Sources */,
			);
			runOnlyForDeploymentPostprocessing = 0;
		};
/* End PBXSourcesBuildPhase section */

/* Begin PBXTargetDependency section */
		294FD16922E2B17600F1B558 /* PBXTargetDependency */ = {
			isa = PBXTargetDependency;
			target = 294FD15222E2B17500F1B558 /* SwiftDemo */;
			targetProxy = 294FD16822E2B17600F1B558 /* PBXContainerItemProxy */;
		};
		294FD17422E2B17600F1B558 /* PBXTargetDependency */ = {
			isa = PBXTargetDependency;
			target = 294FD15222E2B17500F1B558 /* SwiftDemo */;
			targetProxy = 294FD17322E2B17600F1B558 /* PBXContainerItemProxy */;
		};
/* End PBXTargetDependency section */

/* Begin PBXVariantGroup section */
		294FD15A22E2B17500F1B558 /* Main.storyboard */ = {
			isa = PBXVariantGroup;
			children = (
				294FD15B22E2B17500F1B558 /* Base */,
			);
			name = Main.storyboard;
			sourceTree = "<group>";
		};
		294FD15F22E2B17600F1B558 /* LaunchScreen.storyboard */ = {
			isa = PBXVariantGroup;
			children = (
				294FD16022E2B17600F1B558 /* Base */,
			);
			name = LaunchScreen.storyboard;
			sourceTree = "<group>";
		};
/* End PBXVariantGroup section */

/* Begin XCBuildConfiguration section */
		294FD17922E2B17600F1B558 /* Debug */ = {
			isa = XCBuildConfiguration;
			buildSettings = {
				ALWAYS_SEARCH_USER_PATHS = NO;
				CLANG_ANALYZER_NONNULL = YES;
				CLANG_ANALYZER_NUMBER_OBJECT_CONVERSION = YES_AGGRESSIVE;
				CLANG_CXX_LANGUAGE_STANDARD = "gnu++14";
				CLANG_CXX_LIBRARY = "libc++";
				CLANG_ENABLE_MODULES = YES;
				CLANG_ENABLE_OBJC_ARC = YES;
				CLANG_ENABLE_OBJC_WEAK = YES;
				CLANG_WARN_BLOCK_CAPTURE_AUTORELEASING = YES;
				CLANG_WARN_BOOL_CONVERSION = YES;
				CLANG_WARN_COMMA = YES;
				CLANG_WARN_CONSTANT_CONVERSION = YES;
				CLANG_WARN_DEPRECATED_OBJC_IMPLEMENTATIONS = YES;
				CLANG_WARN_DIRECT_OBJC_ISA_USAGE = YES_ERROR;
				CLANG_WARN_DOCUMENTATION_COMMENTS = YES;
				CLANG_WARN_EMPTY_BODY = YES;
				CLANG_WARN_ENUM_CONVERSION = YES;
				CLANG_WARN_INFINITE_RECURSION = YES;
				CLANG_WARN_INT_CONVERSION = YES;
				CLANG_WARN_NON_LITERAL_NULL_CONVERSION = YES;
				CLANG_WARN_OBJC_IMPLICIT_RETAIN_SELF = YES;
				CLANG_WARN_OBJC_LITERAL_CONVERSION = YES;
				CLANG_WARN_OBJC_ROOT_CLASS = YES_ERROR;
				CLANG_WARN_RANGE_LOOP_ANALYSIS = YES;
				CLANG_WARN_STRICT_PROTOTYPES = YES;
				CLANG_WARN_SUSPICIOUS_MOVE = YES;
				CLANG_WARN_UNGUARDED_AVAILABILITY = YES_AGGRESSIVE;
				CLANG_WARN_UNREACHABLE_CODE = YES;
				CLANG_WARN__DUPLICATE_METHOD_MATCH = YES;
				CODE_SIGN_IDENTITY = "iPhone Developer";
				COPY_PHASE_STRIP = NO;
				DEBUG_INFORMATION_FORMAT = dwarf;
				ENABLE_STRICT_OBJC_MSGSEND = YES;
				ENABLE_TESTABILITY = YES;
				GCC_C_LANGUAGE_STANDARD = gnu11;
				GCC_DYNAMIC_NO_PIC = NO;
				GCC_NO_COMMON_BLOCKS = YES;
				GCC_OPTIMIZATION_LEVEL = 0;
				GCC_PREPROCESSOR_DEFINITIONS = (
					"DEBUG=1",
					"$(inherited)",
				);
				GCC_WARN_64_TO_32_BIT_CONVERSION = YES;
				GCC_WARN_ABOUT_RETURN_TYPE = YES_ERROR;
				GCC_WARN_UNDECLARED_SELECTOR = YES;
				GCC_WARN_UNINITIALIZED_AUTOS = YES_AGGRESSIVE;
				GCC_WARN_UNUSED_FUNCTION = YES;
				GCC_WARN_UNUSED_VARIABLE = YES;
				IPHONEOS_DEPLOYMENT_TARGET = 12.2;
				MTL_ENABLE_DEBUG_INFO = INCLUDE_SOURCE;
				MTL_FAST_MATH = YES;
				ONLY_ACTIVE_ARCH = YES;
				SDKROOT = iphoneos;
				SWIFT_ACTIVE_COMPILATION_CONDITIONS = DEBUG;
				SWIFT_OPTIMIZATION_LEVEL = "-Onone";
			};
			name = Debug;
		};
		294FD17A22E2B17600F1B558 /* Release */ = {
			isa = XCBuildConfiguration;
			buildSettings = {
				ALWAYS_SEARCH_USER_PATHS = NO;
				CLANG_ANALYZER_NONNULL = YES;
				CLANG_ANALYZER_NUMBER_OBJECT_CONVERSION = YES_AGGRESSIVE;
				CLANG_CXX_LANGUAGE_STANDARD = "gnu++14";
				CLANG_CXX_LIBRARY = "libc++";
				CLANG_ENABLE_MODULES = YES;
				CLANG_ENABLE_OBJC_ARC = YES;
				CLANG_ENABLE_OBJC_WEAK = YES;
				CLANG_WARN_BLOCK_CAPTURE_AUTORELEASING = YES;
				CLANG_WARN_BOOL_CONVERSION = YES;
				CLANG_WARN_COMMA = YES;
				CLANG_WARN_CONSTANT_CONVERSION = YES;
				CLANG_WARN_DEPRECATED_OBJC_IMPLEMENTATIONS = YES;
				CLANG_WARN_DIRECT_OBJC_ISA_USAGE = YES_ERROR;
				CLANG_WARN_DOCUMENTATION_COMMENTS = YES;
				CLANG_WARN_EMPTY_BODY = YES;
				CLANG_WARN_ENUM_CONVERSION = YES;
				CLANG_WARN_INFINITE_RECURSION = YES;
				CLANG_WARN_INT_CONVERSION = YES;
				CLANG_WARN_NON_LITERAL_NULL_CONVERSION = YES;
				CLANG_WARN_OBJC_IMPLICIT_RETAIN_SELF = YES;
				CLANG_WARN_OBJC_LITERAL_CONVERSION = YES;
				CLANG_WARN_OBJC_ROOT_CLASS = YES_ERROR;
				CLANG_WARN_RANGE_LOOP_ANALYSIS = YES;
				CLANG_WARN_STRICT_PROTOTYPES = YES;
				CLANG_WARN_SUSPICIOUS_MOVE = YES;
				CLANG_WARN_UNGUARDED_AVAILABILITY = YES_AGGRESSIVE;
				CLANG_WARN_UNREACHABLE_CODE = YES;
				CLANG_WARN__DUPLICATE_METHOD_MATCH = YES;
				CODE_SIGN_IDENTITY = "iPhone Developer";
				COPY_PHASE_STRIP = NO;
				DEBUG_INFORMATION_FORMAT = "dwarf-with-dsym";
				ENABLE_NS_ASSERTIONS = NO;
				ENABLE_STRICT_OBJC_MSGSEND = YES;
				GCC_C_LANGUAGE_STANDARD = gnu11;
				GCC_NO_COMMON_BLOCKS = YES;
				GCC_WARN_64_TO_32_BIT_CONVERSION = YES;
				GCC_WARN_ABOUT_RETURN_TYPE = YES_ERROR;
				GCC_WARN_UNDECLARED_SELECTOR = YES;
				GCC_WARN_UNINITIALIZED_AUTOS = YES_AGGRESSIVE;
				GCC_WARN_UNUSED_FUNCTION = YES;
				GCC_WARN_UNUSED_VARIABLE = YES;
				IPHONEOS_DEPLOYMENT_TARGET = 12.2;
				MTL_ENABLE_DEBUG_INFO = NO;
				MTL_FAST_MATH = YES;
				SDKROOT = iphoneos;
				SWIFT_COMPILATION_MODE = wholemodule;
				SWIFT_OPTIMIZATION_LEVEL = "-O";
				VALIDATE_PRODUCT = YES;
			};
			name = Release;
		};
		294FD17C22E2B17600F1B558 /* Debug */ = {
			isa = XCBuildConfiguration;
			buildSettings = {
				ASSETCATALOG_COMPILER_APPICON_NAME = AppIcon;
				CODE_SIGN_STYLE = Manual;
				DEVELOPMENT_TEAM = 4C4464ZL88;
				INFOPLIST_FILE = SwiftDemo/Info.plist;
				IPHONEOS_DEPLOYMENT_TARGET = 10.0;
				LD_RUNPATH_SEARCH_PATHS = (
					"$(inherited)",
					"@executable_path/Frameworks",
				);
				PRODUCT_BUNDLE_IDENTIFIER = sdsadsa.SwiftDemo;
				PRODUCT_NAME = "$(TARGET_NAME)";
				PROVISIONING_PROFILE_SPECIFIER = "match Development *";
				SWIFT_VERSION = 5.0;
				TARGETED_DEVICE_FAMILY = "1,2";
			};
			name = Debug;
		};
		294FD17D22E2B17600F1B558 /* Release */ = {
			isa = XCBuildConfiguration;
			buildSettings = {
				ASSETCATALOG_COMPILER_APPICON_NAME = AppIcon;
				CODE_SIGN_STYLE = Manual;
				DEVELOPMENT_TEAM = 4C4464ZL88;
				INFOPLIST_FILE = SwiftDemo/Info.plist;
				IPHONEOS_DEPLOYMENT_TARGET = 10.0;
				LD_RUNPATH_SEARCH_PATHS = (
					"$(inherited)",
					"@executable_path/Frameworks",
				);
				PRODUCT_BUNDLE_IDENTIFIER = sdsadsa.SwiftDemo;
				PRODUCT_NAME = "$(TARGET_NAME)";
				PROVISIONING_PROFILE_SPECIFIER = "match Development *";
				SWIFT_VERSION = 5.0;
				TARGETED_DEVICE_FAMILY = "1,2";
			};
			name = Release;
		};
		294FD17F22E2B17600F1B558 /* Debug */ = {
			isa = XCBuildConfiguration;
			buildSettings = {
				ALWAYS_EMBED_SWIFT_STANDARD_LIBRARIES = YES;
				BUNDLE_LOADER = "$(TEST_HOST)";
				CODE_SIGN_STYLE = Automatic;
				DEVELOPMENT_TEAM = 4C4464ZL88;
				INFOPLIST_FILE = SwiftDemoTests/Info.plist;
				LD_RUNPATH_SEARCH_PATHS = (
					"$(inherited)",
					"@executable_path/Frameworks",
					"@loader_path/Frameworks",
				);
				PRODUCT_BUNDLE_IDENTIFIER = sdsadsa.SwiftDemoTests;
				PRODUCT_NAME = "$(TARGET_NAME)";
				SWIFT_VERSION = 5.0;
				TARGETED_DEVICE_FAMILY = "1,2";
				TEST_HOST = "$(BUILT_PRODUCTS_DIR)/SwiftDemo.app/SwiftDemo";
			};
			name = Debug;
		};
		294FD18022E2B17600F1B558 /* Release */ = {
			isa = XCBuildConfiguration;
			buildSettings = {
				ALWAYS_EMBED_SWIFT_STANDARD_LIBRARIES = YES;
				BUNDLE_LOADER = "$(TEST_HOST)";
				CODE_SIGN_STYLE = Automatic;
				DEVELOPMENT_TEAM = 4C4464ZL88;
				INFOPLIST_FILE = SwiftDemoTests/Info.plist;
				LD_RUNPATH_SEARCH_PATHS = (
					"$(inherited)",
					"@executable_path/Frameworks",
					"@loader_path/Frameworks",
				);
				PRODUCT_BUNDLE_IDENTIFIER = sdsadsa.SwiftDemoTests;
				PRODUCT_NAME = "$(TARGET_NAME)";
				SWIFT_VERSION = 5.0;
				TARGETED_DEVICE_FAMILY = "1,2";
				TEST_HOST = "$(BUILT_PRODUCTS_DIR)/SwiftDemo.app/SwiftDemo";
			};
			name = Release;
		};
		294FD18222E2B17600F1B558 /* Debug */ = {
			isa = XCBuildConfiguration;
			buildSettings = {
				ALWAYS_EMBED_SWIFT_STANDARD_LIBRARIES = YES;
				CODE_SIGN_STYLE = Automatic;
				DEVELOPMENT_TEAM = 4C4464ZL88;
				INFOPLIST_FILE = SwiftDemoUITests/Info.plist;
				LD_RUNPATH_SEARCH_PATHS = (
					"$(inherited)",
					"@executable_path/Frameworks",
					"@loader_path/Frameworks",
				);
				PRODUCT_BUNDLE_IDENTIFIER = sdsadsa.SwiftDemoUITests;
				PRODUCT_NAME = "$(TARGET_NAME)";
				SWIFT_VERSION = 5.0;
				TARGETED_DEVICE_FAMILY = "1,2";
				TEST_TARGET_NAME = SwiftDemo;
			};
			name = Debug;
		};
		294FD18322E2B17600F1B558 /* Release */ = {
			isa = XCBuildConfiguration;
			buildSettings = {
				ALWAYS_EMBED_SWIFT_STANDARD_LIBRARIES = YES;
				CODE_SIGN_STYLE = Automatic;
				DEVELOPMENT_TEAM = 4C4464ZL88;
				INFOPLIST_FILE = SwiftDemoUITests/Info.plist;
				LD_RUNPATH_SEARCH_PATHS = (
					"$(inherited)",
					"@executable_path/Frameworks",
					"@loader_path/Frameworks",
				);
				PRODUCT_BUNDLE_IDENTIFIER = sdsadsa.SwiftDemoUITests;
				PRODUCT_NAME = "$(TARGET_NAME)";
				SWIFT_VERSION = 5.0;
				TARGETED_DEVICE_FAMILY = "1,2";
				TEST_TARGET_NAME = SwiftDemo;
			};
			name = Release;
		};
/* End XCBuildConfiguration section */

/* Begin XCConfigurationList section */
		294FD14E22E2B17500F1B558 /* Build configuration list for PBXProject "SwiftDemo" */ = {
			isa = XCConfigurationList;
			buildConfigurations = (
				294FD17922E2B17600F1B558 /* Debug */,
				294FD17A22E2B17600F1B558 /* Release */,
			);
			defaultConfigurationIsVisible = 0;
			defaultConfigurationName = Release;
		};
		294FD17B22E2B17600F1B558 /* Build configuration list for PBXNativeTarget "SwiftDemo" */ = {
			isa = XCConfigurationList;
			buildConfigurations = (
				294FD17C22E2B17600F1B558 /* Debug */,
				294FD17D22E2B17600F1B558 /* Release */,
			);
			defaultConfigurationIsVisible = 0;
			defaultConfigurationName = Release;
		};
		294FD17E22E2B17600F1B558 /* Build configuration list for PBXNativeTarget "SwiftDemoTests" */ = {
			isa = XCConfigurationList;
			buildConfigurations = (
				294FD17F22E2B17600F1B558 /* Debug */,
				294FD18022E2B17600F1B558 /* Release */,
			);
			defaultConfigurationIsVisible = 0;
			defaultConfigurationName = Release;
		};
		294FD18122E2B17600F1B558 /* Build configuration list for PBXNativeTarget "SwiftDemoUITests" */ = {
			isa = XCConfigurationList;
			buildConfigurations = (
				294FD18222E2B17600F1B558 /* Debug */,
				294FD18322E2B17600F1B558 /* Release */,
			);
			defaultConfigurationIsVisible = 0;
			defaultConfigurationName = Release;
		};
/* End XCConfigurationList section */
	};
	rootObject = 294FD14B22E2B17500F1B558 /* Project object */;
}
